
Microsoft Visual Studio Solution File, Format Version 12.00
# Visual Studio Version 17
VisualStudioVersion = 17.4.33213.308
MinimumVisualStudioVersion = 10.0.40219.1
Project("{8BC9CEB8-8B4A-11D0-8D11-00A0C91BC942}") = "myAsmProj", "myAsmProj\myAsmProj.vcxproj", "{8F144BB0-0C55-4C0C-A115-FA9F66173EED}"
EndProject
Global
	GlobalSection(SolutionConfigurationPlatforms) = preSolution
		Debug|x64 = Debug|x64
		Debug|x86 = Debug|x86
		Release|x64 = Release|x64
		Release|x86 = Release|x86
	EndGlobalSection
	GlobalSection(ProjectConfigurationPlatforms) = postSolution
		{8F144BB0-0C55-4C0C-A115-FA9F66173EED}.Debug|x64.ActiveCfg = Debug|x64
		{8F144BB0-0C55-4C0C-A115-FA9F66173EED}.Debug|x64.Build.0 = Debug|x64
		{8F144BB0-0C55-4C0C-A115-FA9F66173EED}.Debug|x86.ActiveCfg = Debug|Win32
		{8F144BB0-0C55-4C0C-A115-FA9F66173EED}.Debug|x86.Build.0 = Debug|Win32
		{8F144BB0-0C55-4C0C-A115-FA9F66173EED}.Release|x64.ActiveCfg = Release|x64
		{8F144BB0-0C55-4C0C-A115-FA9F66173EED}.Release|x64.Build.0 = Release|x64
		{8F144BB0-0C55-4C0C-A115-FA9F66173EED}.Release|x86.ActiveCfg = Release|Win32
		{8F144BB0-0C55-4C0C-A115-FA9F66173EED}.Release|x86.Build.0 = Release|Win32
	EndGlobalSection
	GlobalSection(SolutionProperties) = preSolution
		HideSolutionNode = FALSE
	EndGlobalSection
	GlobalSection(ExtensibilityGlobals) = postSolution
		SolutionGuid = {1A02E951-FB64-4A2B-BE4C-2D55BAB6D9D4}
	EndGlobalSection
EndGlobal
